# This file was autogenerated by uv via the following command:
#    uv pip compile pyproject.toml --extra build -o uv.lock
altgraph==0.17.4
    # via pyinstaller
contourpy==1.3.2
    # via matplotlib
cycler==0.12.1
    # via matplotlib
dearpygui==2.0.0
    # via pdp (pyproject.toml)
fonttools==4.58.2
    # via matplotlib
kiwisolver==1.4.8
    # via matplotlib
matplotlib==3.10.3
    # via pdp (pyproject.toml)
numpy==2.3.0
    # via
    #   pdp (pyproject.toml)
    #   contourpy
    #   matplotlib
    #   scipy
packaging==25.0
    # via
    #   matplotlib
    #   pyinstaller
    #   pyinstaller-hooks-contrib
pefile==2023.2.7
    # via pyinstaller
pillow==11.2.1
    # via matplotlib
pyinstaller==6.14.1
    # via pdp (pyproject.toml)
pyinstaller-hooks-contrib==2025.5
    # via pyinstaller
pyparsing==3.2.3
    # via matplotlib
python-dateutil==2.9.0.post0
    # via matplotlib
pywin32==310
    # via pdp (pyproject.toml)
pywin32-ctypes==0.2.3
    # via pyinstaller
scipy==1.15.3
    # via pdp (pyproject.toml)
setuptools==80.9.0
    # via
    #   pyinstaller
    #   pyinstaller-hooks-contrib
six==1.17.0
    # via python-dateutil
